
Microsoft Visual Studio Solution File, Format Version 12.00
Project("{FAE04EC0-301F-11D3-BF4B-00C04F79EFBC}") = "OpenGLGameEngine", "OpenGLGameEngine\OpenGLGameEngine.csproj", "{DDE53712-1268-4453-9392-4057A3C0CF3B}"
EndProject
Project("{FAE04EC0-301F-11D3-BF4B-00C04F79EFBC}") = "GameEngineTest", "GameEngineTest\GameEngineTest.csproj", "{D08EFDBE-01F5-4674-AC06-26DC1B74A91C}"
EndProject
Global
	GlobalSection(SolutionConfigurationPlatforms) = preSolution
		Debug|Any CPU = Debug|Any CPU
		Release|Any CPU = Release|Any CPU
	EndGlobalSection
	GlobalSection(ProjectConfigurationPlatforms) = postSolution
		{DDE53712-1268-4453-9392-4057A3C0CF3B}.Debug|Any CPU.ActiveCfg = Debug|Any CPU
		{DDE53712-1268-4453-9392-4057A3C0CF3B}.Debug|Any CPU.Build.0 = Debug|Any CPU
		{DDE53712-1268-4453-9392-4057A3C0CF3B}.Release|Any CPU.ActiveCfg = Release|Any CPU
		{DDE53712-1268-4453-9392-4057A3C0CF3B}.Release|Any CPU.Build.0 = Release|Any CPU
		{D08EFDBE-01F5-4674-AC06-26DC1B74A91C}.Debug|Any CPU.ActiveCfg = Debug|Any CPU
		{D08EFDBE-01F5-4674-AC06-26DC1B74A91C}.Debug|Any CPU.Build.0 = Debug|Any CPU
		{D08EFDBE-01F5-4674-AC06-26DC1B74A91C}.Release|Any CPU.ActiveCfg = Release|Any CPU
		{D08EFDBE-01F5-4674-AC06-26DC1B74A91C}.Release|Any CPU.Build.0 = Release|Any CPU
	EndGlobalSection
EndGlobal
