
Microsoft Visual Studio Solution File, Format Version 12.00
Project("{FAE04EC0-301F-11D3-BF4B-00C04F79EFBC}") = "OpenGLGameEngine", "OpenGLGameEngine\OpenGLGameEngine.csproj", "{DDE53712-1268-4453-9392-4057A3C0CF3B}"
EndProject
Project("{FAE04EC0-301F-11D3-BF4B-00C04F79EFBC}") = "GameEngineTest", "GameEngineTest\GameEngineTest.csproj", "{D08EFDBE-01F5-4674-AC06-26DC1B74A91C}"
EndProject
Project("{FAE04EC0-301F-11D3-BF4B-00C04F79EFBC}") = "OpenGLGameEngine.Core", "OpenGLGameEngine.Core\OpenGLGameEngine.Core.csproj", "{303BBC2A-07B1-4F83-A3F0-BC0DE772FFFE}"
EndProject
Project("{FAE04EC0-301F-11D3-BF4B-00C04F79EFBC}") = "OpenGLGameEngine.Inputs", "OpenGLGameEngine.Inputs\OpenGLGameEngine.Inputs.csproj", "{2458D1BD-BBB3-4F1B-B149-188640DA459B}"
EndProject
Project("{FAE04EC0-301F-11D3-BF4B-00C04F79EFBC}") = "OpenGLGameEngine.Math", "OpenGLGameEngine.Math\OpenGLGameEngine.Math.csproj", "{A21BFB58-8912-495B-AF7F-30470FA3FDB4}"
EndProject
Project("{FAE04EC0-301F-11D3-BF4B-00C04F79EFBC}") = "OpenGLGameEngine.UI", "OpenGLGameEngine.UI\OpenGLGameEngine.UI.csproj", "{C63E614E-21DD-4229-A755-0D3F4E0518CC}"
EndProject
Global
	GlobalSection(SolutionConfigurationPlatforms) = preSolution
		Debug|Any CPU = Debug|Any CPU
		Release|Any CPU = Release|Any CPU
	EndGlobalSection
	GlobalSection(ProjectConfigurationPlatforms) = postSolution
		{DDE53712-1268-4453-9392-4057A3C0CF3B}.Debug|Any CPU.ActiveCfg = Debug|Any CPU
		{DDE53712-1268-4453-9392-4057A3C0CF3B}.Debug|Any CPU.Build.0 = Debug|Any CPU
		{DDE53712-1268-4453-9392-4057A3C0CF3B}.Release|Any CPU.ActiveCfg = Release|Any CPU
		{DDE53712-1268-4453-9392-4057A3C0CF3B}.Release|Any CPU.Build.0 = Release|Any CPU
		{D08EFDBE-01F5-4674-AC06-26DC1B74A91C}.Debug|Any CPU.ActiveCfg = Debug|Any CPU
		{D08EFDBE-01F5-4674-AC06-26DC1B74A91C}.Debug|Any CPU.Build.0 = Debug|Any CPU
		{D08EFDBE-01F5-4674-AC06-26DC1B74A91C}.Release|Any CPU.ActiveCfg = Release|Any CPU
		{D08EFDBE-01F5-4674-AC06-26DC1B74A91C}.Release|Any CPU.Build.0 = Release|Any CPU
		{303BBC2A-07B1-4F83-A3F0-BC0DE772FFFE}.Debug|Any CPU.ActiveCfg = Debug|Any CPU
		{303BBC2A-07B1-4F83-A3F0-BC0DE772FFFE}.Debug|Any CPU.Build.0 = Debug|Any CPU
		{303BBC2A-07B1-4F83-A3F0-BC0DE772FFFE}.Release|Any CPU.ActiveCfg = Release|Any CPU
		{303BBC2A-07B1-4F83-A3F0-BC0DE772FFFE}.Release|Any CPU.Build.0 = Release|Any CPU
		{2458D1BD-BBB3-4F1B-B149-188640DA459B}.Debug|Any CPU.ActiveCfg = Debug|Any CPU
		{2458D1BD-BBB3-4F1B-B149-188640DA459B}.Debug|Any CPU.Build.0 = Debug|Any CPU
		{2458D1BD-BBB3-4F1B-B149-188640DA459B}.Release|Any CPU.ActiveCfg = Release|Any CPU
		{2458D1BD-BBB3-4F1B-B149-188640DA459B}.Release|Any CPU.Build.0 = Release|Any CPU
		{A21BFB58-8912-495B-AF7F-30470FA3FDB4}.Debug|Any CPU.ActiveCfg = Debug|Any CPU
		{A21BFB58-8912-495B-AF7F-30470FA3FDB4}.Debug|Any CPU.Build.0 = Debug|Any CPU
		{A21BFB58-8912-495B-AF7F-30470FA3FDB4}.Release|Any CPU.ActiveCfg = Release|Any CPU
		{A21BFB58-8912-495B-AF7F-30470FA3FDB4}.Release|Any CPU.Build.0 = Release|Any CPU
		{C63E614E-21DD-4229-A755-0D3F4E0518CC}.Debug|Any CPU.ActiveCfg = Debug|Any CPU
		{C63E614E-21DD-4229-A755-0D3F4E0518CC}.Debug|Any CPU.Build.0 = Debug|Any CPU
		{C63E614E-21DD-4229-A755-0D3F4E0518CC}.Release|Any CPU.ActiveCfg = Release|Any CPU
		{C63E614E-21DD-4229-A755-0D3F4E0518CC}.Release|Any CPU.Build.0 = Release|Any CPU
	EndGlobalSection
EndGlobal
